
Microsoft Visual Studio Solution File, Format Version 12.00
Project("{FAE04EC0-301F-11D3-BF4B-00C04F79EFBC}") = "TrinoIceberg", "TrinoIceberg\TrinoIceberg.csproj", "{8BB29363-EE82-42D8-B6C9-8B69AA4F4C87}"
EndProject
Project("{FAE04EC0-301F-11D3-BF4B-00C04F79EFBC}") = "Entityframework.Trino", "Entityframework.Trino\Entityframework.Trino.csproj", "{A0ADDF2A-AAB4-4F4E-BDC4-4E5B6D51B647}"
EndProject
Project("{FAE04EC0-301F-11D3-BF4B-00C04F79EFBC}") = "Entityframework.Trino.Tests", "Entityframework.Trino.Tests\Entityframework.Trino.Tests.csproj", "{702F5A9F-076E-47F3-997C-EBA8BAC45903}"
EndProject
Project("{FAE04EC0-301F-11D3-BF4B-00C04F79EFBC}") = "Entityframework.Trino.Iceberg", "Entityframework.Trino.Iceberg\Entityframework.Trino.Iceberg.csproj", "{6993F1DF-EEBE-4E52-AA1F-456E5299710C}"
EndProject
Project("{FAE04EC0-301F-11D3-BF4B-00C04F79EFBC}") = "ConsoleApp", "ConsoleApp\ConsoleApp.csproj", "{AF488EC2-B174-4961-BC19-703741D70381}"
EndProject
Global
	GlobalSection(SolutionConfigurationPlatforms) = preSolution
		Debug|Any CPU = Debug|Any CPU
		Debug|x64 = Debug|x64
		Debug|x86 = Debug|x86
		Release|Any CPU = Release|Any CPU
		Release|x64 = Release|x64
		Release|x86 = Release|x86
	EndGlobalSection
	GlobalSection(ProjectConfigurationPlatforms) = postSolution
		{8BB29363-EE82-42D8-B6C9-8B69AA4F4C87}.Debug|Any CPU.ActiveCfg = Debug|Any CPU
		{8BB29363-EE82-42D8-B6C9-8B69AA4F4C87}.Debug|Any CPU.Build.0 = Debug|Any CPU
		{8BB29363-EE82-42D8-B6C9-8B69AA4F4C87}.Debug|x64.ActiveCfg = Debug|Any CPU
		{8BB29363-EE82-42D8-B6C9-8B69AA4F4C87}.Debug|x64.Build.0 = Debug|Any CPU
		{8BB29363-EE82-42D8-B6C9-8B69AA4F4C87}.Debug|x86.ActiveCfg = Debug|Any CPU
		{8BB29363-EE82-42D8-B6C9-8B69AA4F4C87}.Debug|x86.Build.0 = Debug|Any CPU
		{8BB29363-EE82-42D8-B6C9-8B69AA4F4C87}.Release|Any CPU.ActiveCfg = Release|Any CPU
		{8BB29363-EE82-42D8-B6C9-8B69AA4F4C87}.Release|Any CPU.Build.0 = Release|Any CPU
		{8BB29363-EE82-42D8-B6C9-8B69AA4F4C87}.Release|x64.ActiveCfg = Release|Any CPU
		{8BB29363-EE82-42D8-B6C9-8B69AA4F4C87}.Release|x64.Build.0 = Release|Any CPU
		{8BB29363-EE82-42D8-B6C9-8B69AA4F4C87}.Release|x86.ActiveCfg = Release|Any CPU
		{8BB29363-EE82-42D8-B6C9-8B69AA4F4C87}.Release|x86.Build.0 = Release|Any CPU
		{A0ADDF2A-AAB4-4F4E-BDC4-4E5B6D51B647}.Debug|Any CPU.ActiveCfg = Debug|Any CPU
		{A0ADDF2A-AAB4-4F4E-BDC4-4E5B6D51B647}.Debug|Any CPU.Build.0 = Debug|Any CPU
		{A0ADDF2A-AAB4-4F4E-BDC4-4E5B6D51B647}.Debug|x64.ActiveCfg = Debug|Any CPU
		{A0ADDF2A-AAB4-4F4E-BDC4-4E5B6D51B647}.Debug|x64.Build.0 = Debug|Any CPU
		{A0ADDF2A-AAB4-4F4E-BDC4-4E5B6D51B647}.Debug|x86.ActiveCfg = Debug|Any CPU
		{A0ADDF2A-AAB4-4F4E-BDC4-4E5B6D51B647}.Debug|x86.Build.0 = Debug|Any CPU
		{A0ADDF2A-AAB4-4F4E-BDC4-4E5B6D51B647}.Release|Any CPU.ActiveCfg = Release|Any CPU
		{A0ADDF2A-AAB4-4F4E-BDC4-4E5B6D51B647}.Release|Any CPU.Build.0 = Release|Any CPU
		{A0ADDF2A-AAB4-4F4E-BDC4-4E5B6D51B647}.Release|x64.ActiveCfg = Release|Any CPU
		{A0ADDF2A-AAB4-4F4E-BDC4-4E5B6D51B647}.Release|x64.Build.0 = Release|Any CPU
		{A0ADDF2A-AAB4-4F4E-BDC4-4E5B6D51B647}.Release|x86.ActiveCfg = Release|Any CPU
		{A0ADDF2A-AAB4-4F4E-BDC4-4E5B6D51B647}.Release|x86.Build.0 = Release|Any CPU
		{702F5A9F-076E-47F3-997C-EBA8BAC45903}.Debug|Any CPU.ActiveCfg = Debug|Any CPU
		{702F5A9F-076E-47F3-997C-EBA8BAC45903}.Debug|Any CPU.Build.0 = Debug|Any CPU
		{702F5A9F-076E-47F3-997C-EBA8BAC45903}.Debug|x64.ActiveCfg = Debug|Any CPU
		{702F5A9F-076E-47F3-997C-EBA8BAC45903}.Debug|x64.Build.0 = Debug|Any CPU
		{702F5A9F-076E-47F3-997C-EBA8BAC45903}.Debug|x86.ActiveCfg = Debug|Any CPU
		{702F5A9F-076E-47F3-997C-EBA8BAC45903}.Debug|x86.Build.0 = Debug|Any CPU
		{702F5A9F-076E-47F3-997C-EBA8BAC45903}.Release|Any CPU.ActiveCfg = Release|Any CPU
		{702F5A9F-076E-47F3-997C-EBA8BAC45903}.Release|Any CPU.Build.0 = Release|Any CPU
		{702F5A9F-076E-47F3-997C-EBA8BAC45903}.Release|x64.ActiveCfg = Release|Any CPU
		{702F5A9F-076E-47F3-997C-EBA8BAC45903}.Release|x64.Build.0 = Release|Any CPU
		{702F5A9F-076E-47F3-997C-EBA8BAC45903}.Release|x86.ActiveCfg = Release|Any CPU
		{702F5A9F-076E-47F3-997C-EBA8BAC45903}.Release|x86.Build.0 = Release|Any CPU
		{6993F1DF-EEBE-4E52-AA1F-456E5299710C}.Debug|Any CPU.ActiveCfg = Debug|Any CPU
		{6993F1DF-EEBE-4E52-AA1F-456E5299710C}.Debug|Any CPU.Build.0 = Debug|Any CPU
		{6993F1DF-EEBE-4E52-AA1F-456E5299710C}.Debug|x64.ActiveCfg = Debug|Any CPU
		{6993F1DF-EEBE-4E52-AA1F-456E5299710C}.Debug|x64.Build.0 = Debug|Any CPU
		{6993F1DF-EEBE-4E52-AA1F-456E5299710C}.Debug|x86.ActiveCfg = Debug|Any CPU
		{6993F1DF-EEBE-4E52-AA1F-456E5299710C}.Debug|x86.Build.0 = Debug|Any CPU
		{6993F1DF-EEBE-4E52-AA1F-456E5299710C}.Release|Any CPU.ActiveCfg = Release|Any CPU
		{6993F1DF-EEBE-4E52-AA1F-456E5299710C}.Release|Any CPU.Build.0 = Release|Any CPU
		{6993F1DF-EEBE-4E52-AA1F-456E5299710C}.Release|x64.ActiveCfg = Release|Any CPU
		{6993F1DF-EEBE-4E52-AA1F-456E5299710C}.Release|x64.Build.0 = Release|Any CPU
		{6993F1DF-EEBE-4E52-AA1F-456E5299710C}.Release|x86.ActiveCfg = Release|Any CPU
		{6993F1DF-EEBE-4E52-AA1F-456E5299710C}.Release|x86.Build.0 = Release|Any CPU
		{AF488EC2-B174-4961-BC19-703741D70381}.Debug|Any CPU.ActiveCfg = Debug|Any CPU
		{AF488EC2-B174-4961-BC19-703741D70381}.Debug|Any CPU.Build.0 = Debug|Any CPU
		{AF488EC2-B174-4961-BC19-703741D70381}.Debug|x64.ActiveCfg = Debug|Any CPU
		{AF488EC2-B174-4961-BC19-703741D70381}.Debug|x64.Build.0 = Debug|Any CPU
		{AF488EC2-B174-4961-BC19-703741D70381}.Debug|x86.ActiveCfg = Debug|Any CPU
		{AF488EC2-B174-4961-BC19-703741D70381}.Debug|x86.Build.0 = Debug|Any CPU
		{AF488EC2-B174-4961-BC19-703741D70381}.Release|Any CPU.ActiveCfg = Release|Any CPU
		{AF488EC2-B174-4961-BC19-703741D70381}.Release|Any CPU.Build.0 = Release|Any CPU
		{AF488EC2-B174-4961-BC19-703741D70381}.Release|x64.ActiveCfg = Release|Any CPU
		{AF488EC2-B174-4961-BC19-703741D70381}.Release|x64.Build.0 = Release|Any CPU
		{AF488EC2-B174-4961-BC19-703741D70381}.Release|x86.ActiveCfg = Release|Any CPU
		{AF488EC2-B174-4961-BC19-703741D70381}.Release|x86.Build.0 = Release|Any CPU
	EndGlobalSection
	GlobalSection(SolutionProperties) = preSolution
		HideSolutionNode = FALSE
	EndGlobalSection
EndGlobal
